
Microsoft Visual Studio Solution File, Format Version 12.00
# Visual Studio Version 16
VisualStudioVersion = 16.0.31205.134
MinimumVisualStudioVersion = 10.0.40219.1
Project("{FAE04EC0-301F-11D3-BF4B-00C04F79EFBC}") = "JavaScriptReactHTMLApp", "JavaScriptReactHTMLApp\JavaScriptReactHTMLApp.csproj", "{7955CD5A-9CA8-4990-88F3-4915DBA3D620}"
EndProject
Global
	GlobalSection(SolutionConfigurationPlatforms) = preSolution
		Debug|Any CPU = Debug|Any CPU
		Release|Any CPU = Release|Any CPU
	EndGlobalSection
	GlobalSection(ProjectConfigurationPlatforms) = postSolution
		{7955CD5A-9CA8-4990-88F3-4915DBA3D620}.Debug|Any CPU.ActiveCfg = Debug|Any CPU
		{7955CD5A-9CA8-4990-88F3-4915DBA3D620}.Debug|Any CPU.Build.0 = Debug|Any CPU
		{7955CD5A-9CA8-4990-88F3-4915DBA3D620}.Release|Any CPU.ActiveCfg = Release|Any CPU
		{7955CD5A-9CA8-4990-88F3-4915DBA3D620}.Release|Any CPU.Build.0 = Release|Any CPU
	EndGlobalSection
	GlobalSection(SolutionProperties) = preSolution
		HideSolutionNode = FALSE
	EndGlobalSection
	GlobalSection(ExtensibilityGlobals) = postSolution
		SolutionGuid = {3670AB55-50EE-47E6-8B8B-AFAA3CB0E2BB}
	EndGlobalSection
EndGlobal
